
Microsoft Visual Studio Solution File, Format Version 12.00
# Visual Studio Version 16
VisualStudioVersion = 16.0.29418.71
MinimumVisualStudioVersion = 10.0.40219.1
Project("{2150E333-8FDC-42A3-9474-1A3956D46DE8}") = "Microservices", "Microservices", "{81B60060-337C-4292-8A3B-108665E5FEB7}"
EndProject
Project("{2150E333-8FDC-42A3-9474-1A3956D46DE8}") = "Domain", "Domain", "{8D0C83B5-0E03-4ACB-848B-FB7EF57DC976}"
EndProject
Project("{2150E333-8FDC-42A3-9474-1A3956D46DE8}") = "Infra.Bus", "Infra.Bus", "{07C70E3C-9ACA-4821-BC4B-7FD9F3484E3F}"
EndProject
Project("{2150E333-8FDC-42A3-9474-1A3956D46DE8}") = "Infra.IoC", "Infra.IoC", "{86FFDD44-6D97-497E-8FA3-6BDEA29CC33C}"
EndProject
Project("{2150E333-8FDC-42A3-9474-1A3956D46DE8}") = "Presentation", "Presentation", "{A62A4555-2981-484B-A6F2-F77475464D9D}"
EndProject
Project("{9A19103F-16F7-4668-BE54-9A1E7A4F7556}") = "MicroRabbit.Domain.Core", "MicroRabbit.Domain.Core\MicroRabbit.Domain.Core.csproj", "{AF420D1F-B38F-46CC-9457-00496DD8B2E7}"
EndProject
Project("{9A19103F-16F7-4668-BE54-9A1E7A4F7556}") = "MicroRabbit.Infra.Bus", "MicroRabbit.Infra.Bus\MicroRabbit.Infra.Bus.csproj", "{FD4CA4F3-C9C0-459C-8EA3-1439E5911779}"
EndProject
Project("{9A19103F-16F7-4668-BE54-9A1E7A4F7556}") = "MicroRabbit.Infra.IoC", "MicroRabbit.Infra.IoC\MicroRabbit.Infra.IoC.csproj", "{D5A67117-FBF9-4288-B779-8E0727E8A790}"
EndProject
Project("{2150E333-8FDC-42A3-9474-1A3956D46DE8}") = "Banking", "Banking", "{81E631F6-4CF6-45A2-B8B0-C4A5DF380187}"
EndProject
Project("{2150E333-8FDC-42A3-9474-1A3956D46DE8}") = "Api", "Api", "{9C984A5A-4E45-41E3-A5B3-1544DE7F0004}"
EndProject
Project("{2150E333-8FDC-42A3-9474-1A3956D46DE8}") = "Domain", "Domain", "{2944924A-36C9-4959-8102-009281695D67}"
EndProject
Project("{2150E333-8FDC-42A3-9474-1A3956D46DE8}") = "Application", "Application", "{6A920DF1-411E-495A-A61C-C0EA199DBB5E}"
EndProject
Project("{2150E333-8FDC-42A3-9474-1A3956D46DE8}") = "Data", "Data", "{2A50EB7D-E5ED-4948-AE50-23402B3C7D0E}"
EndProject
Project("{9A19103F-16F7-4668-BE54-9A1E7A4F7556}") = "MicroRabbit.Banking.Api", "MicroRabbit.Banking.Api\MicroRabbit.Banking.Api.csproj", "{6BF86F97-D47A-4B23-BD81-E24EFEEBAF42}"
EndProject
Project("{9A19103F-16F7-4668-BE54-9A1E7A4F7556}") = "MicroRabbit.Banking.Application", "MicroRabbit.Banking.Application\MicroRabbit.Banking.Application.csproj", "{94717608-DFAC-4D3C-A909-40BD8CF53E04}"
EndProject
Project("{9A19103F-16F7-4668-BE54-9A1E7A4F7556}") = "MicroRabbit.Banking.Data", "MicroRabbit.Banking.Data\MicroRabbit.Banking.Data.csproj", "{269B384A-3F33-43FF-87B4-33E1793F14C0}"
EndProject
Project("{9A19103F-16F7-4668-BE54-9A1E7A4F7556}") = "MicroRabbit.Banking.Domain", "MicroRabbit.Banking.Domain\MicroRabbit.Banking.Domain.csproj", "{2785C4E0-E03E-4819-9BB0-191C4201F54F}"
EndProject
Project("{2150E333-8FDC-42A3-9474-1A3956D46DE8}") = "Transfer", "Transfer", "{F3E8EF93-DA5C-4EDC-803E-44B3AE49CA76}"
EndProject
Project("{2150E333-8FDC-42A3-9474-1A3956D46DE8}") = "Api", "Api", "{FD131074-1542-4909-A968-72C3D5D66C70}"
EndProject
Project("{2150E333-8FDC-42A3-9474-1A3956D46DE8}") = "Application", "Application", "{198548E0-7E23-4332-A857-106DE7E96FCD}"
EndProject
Project("{2150E333-8FDC-42A3-9474-1A3956D46DE8}") = "Data", "Data", "{BC40FF29-0B4A-4C2B-A172-006841ADE915}"
EndProject
Project("{2150E333-8FDC-42A3-9474-1A3956D46DE8}") = "Domain", "Domain", "{A69094F0-5F01-4353-88C5-70F3451D79A8}"
EndProject
Project("{FAE04EC0-301F-11D3-BF4B-00C04F79EFBC}") = "MicroRabbit.Transfer.Api", "MicroRabbit.Transfer.Api\MicroRabbit.Transfer.Api.csproj", "{05239D28-48D0-455D-9111-8784F873EA53}"
EndProject
Project("{FAE04EC0-301F-11D3-BF4B-00C04F79EFBC}") = "MicroRabbit.Transfer.Application", "MicroRabbit.Transfer.Application\MicroRabbit.Transfer.Application.csproj", "{1205585E-76AD-4D9C-B4D5-E1545EFA8C7A}"
EndProject
Project("{FAE04EC0-301F-11D3-BF4B-00C04F79EFBC}") = "MicroRabbit.Transfer.Data", "MicroRabbit.Transfer.Data\MicroRabbit.Transfer.Data.csproj", "{3264DE4B-F5FD-44FE-8941-26D230EEC7E8}"
EndProject
Project("{FAE04EC0-301F-11D3-BF4B-00C04F79EFBC}") = "MicroRabbit.Transfer.Domain", "MicroRabbit.Transfer.Domain\MicroRabbit.Transfer.Domain.csproj", "{FDE258EC-5768-436E-9BD5-6C48167674DB}"
EndProject
Global
	GlobalSection(SolutionConfigurationPlatforms) = preSolution
		Debug|Any CPU = Debug|Any CPU
		Release|Any CPU = Release|Any CPU
	EndGlobalSection
	GlobalSection(ProjectConfigurationPlatforms) = postSolution
		{AF420D1F-B38F-46CC-9457-00496DD8B2E7}.Debug|Any CPU.ActiveCfg = Debug|Any CPU
		{AF420D1F-B38F-46CC-9457-00496DD8B2E7}.Debug|Any CPU.Build.0 = Debug|Any CPU
		{AF420D1F-B38F-46CC-9457-00496DD8B2E7}.Release|Any CPU.ActiveCfg = Release|Any CPU
		{AF420D1F-B38F-46CC-9457-00496DD8B2E7}.Release|Any CPU.Build.0 = Release|Any CPU
		{FD4CA4F3-C9C0-459C-8EA3-1439E5911779}.Debug|Any CPU.ActiveCfg = Debug|Any CPU
		{FD4CA4F3-C9C0-459C-8EA3-1439E5911779}.Debug|Any CPU.Build.0 = Debug|Any CPU
		{FD4CA4F3-C9C0-459C-8EA3-1439E5911779}.Release|Any CPU.ActiveCfg = Release|Any CPU
		{FD4CA4F3-C9C0-459C-8EA3-1439E5911779}.Release|Any CPU.Build.0 = Release|Any CPU
		{D5A67117-FBF9-4288-B779-8E0727E8A790}.Debug|Any CPU.ActiveCfg = Debug|Any CPU
		{D5A67117-FBF9-4288-B779-8E0727E8A790}.Debug|Any CPU.Build.0 = Debug|Any CPU
		{D5A67117-FBF9-4288-B779-8E0727E8A790}.Release|Any CPU.ActiveCfg = Release|Any CPU
		{D5A67117-FBF9-4288-B779-8E0727E8A790}.Release|Any CPU.Build.0 = Release|Any CPU
		{6BF86F97-D47A-4B23-BD81-E24EFEEBAF42}.Debug|Any CPU.ActiveCfg = Debug|Any CPU
		{6BF86F97-D47A-4B23-BD81-E24EFEEBAF42}.Debug|Any CPU.Build.0 = Debug|Any CPU
		{6BF86F97-D47A-4B23-BD81-E24EFEEBAF42}.Release|Any CPU.ActiveCfg = Release|Any CPU
		{6BF86F97-D47A-4B23-BD81-E24EFEEBAF42}.Release|Any CPU.Build.0 = Release|Any CPU
		{94717608-DFAC-4D3C-A909-40BD8CF53E04}.Debug|Any CPU.ActiveCfg = Debug|Any CPU
		{94717608-DFAC-4D3C-A909-40BD8CF53E04}.Debug|Any CPU.Build.0 = Debug|Any CPU
		{94717608-DFAC-4D3C-A909-40BD8CF53E04}.Release|Any CPU.ActiveCfg = Release|Any CPU
		{94717608-DFAC-4D3C-A909-40BD8CF53E04}.Release|Any CPU.Build.0 = Release|Any CPU
		{269B384A-3F33-43FF-87B4-33E1793F14C0}.Debug|Any CPU.ActiveCfg = Debug|Any CPU
		{269B384A-3F33-43FF-87B4-33E1793F14C0}.Debug|Any CPU.Build.0 = Debug|Any CPU
		{269B384A-3F33-43FF-87B4-33E1793F14C0}.Release|Any CPU.ActiveCfg = Release|Any CPU
		{269B384A-3F33-43FF-87B4-33E1793F14C0}.Release|Any CPU.Build.0 = Release|Any CPU
		{2785C4E0-E03E-4819-9BB0-191C4201F54F}.Debug|Any CPU.ActiveCfg = Debug|Any CPU
		{2785C4E0-E03E-4819-9BB0-191C4201F54F}.Debug|Any CPU.Build.0 = Debug|Any CPU
		{2785C4E0-E03E-4819-9BB0-191C4201F54F}.Release|Any CPU.ActiveCfg = Release|Any CPU
		{2785C4E0-E03E-4819-9BB0-191C4201F54F}.Release|Any CPU.Build.0 = Release|Any CPU
		{05239D28-48D0-455D-9111-8784F873EA53}.Debug|Any CPU.ActiveCfg = Debug|Any CPU
		{05239D28-48D0-455D-9111-8784F873EA53}.Debug|Any CPU.Build.0 = Debug|Any CPU
		{05239D28-48D0-455D-9111-8784F873EA53}.Release|Any CPU.ActiveCfg = Release|Any CPU
		{05239D28-48D0-455D-9111-8784F873EA53}.Release|Any CPU.Build.0 = Release|Any CPU
		{1205585E-76AD-4D9C-B4D5-E1545EFA8C7A}.Debug|Any CPU.ActiveCfg = Debug|Any CPU
		{1205585E-76AD-4D9C-B4D5-E1545EFA8C7A}.Debug|Any CPU.Build.0 = Debug|Any CPU
		{1205585E-76AD-4D9C-B4D5-E1545EFA8C7A}.Release|Any CPU.ActiveCfg = Release|Any CPU
		{1205585E-76AD-4D9C-B4D5-E1545EFA8C7A}.Release|Any CPU.Build.0 = Release|Any CPU
		{3264DE4B-F5FD-44FE-8941-26D230EEC7E8}.Debug|Any CPU.ActiveCfg = Debug|Any CPU
		{3264DE4B-F5FD-44FE-8941-26D230EEC7E8}.Debug|Any CPU.Build.0 = Debug|Any CPU
		{3264DE4B-F5FD-44FE-8941-26D230EEC7E8}.Release|Any CPU.ActiveCfg = Release|Any CPU
		{3264DE4B-F5FD-44FE-8941-26D230EEC7E8}.Release|Any CPU.Build.0 = Release|Any CPU
		{FDE258EC-5768-436E-9BD5-6C48167674DB}.Debug|Any CPU.ActiveCfg = Debug|Any CPU
		{FDE258EC-5768-436E-9BD5-6C48167674DB}.Debug|Any CPU.Build.0 = Debug|Any CPU
		{FDE258EC-5768-436E-9BD5-6C48167674DB}.Release|Any CPU.ActiveCfg = Release|Any CPU
		{FDE258EC-5768-436E-9BD5-6C48167674DB}.Release|Any CPU.Build.0 = Release|Any CPU
	EndGlobalSection
	GlobalSection(SolutionProperties) = preSolution
		HideSolutionNode = FALSE
	EndGlobalSection
	GlobalSection(NestedProjects) = preSolution
		{AF420D1F-B38F-46CC-9457-00496DD8B2E7} = {8D0C83B5-0E03-4ACB-848B-FB7EF57DC976}
		{FD4CA4F3-C9C0-459C-8EA3-1439E5911779} = {07C70E3C-9ACA-4821-BC4B-7FD9F3484E3F}
		{D5A67117-FBF9-4288-B779-8E0727E8A790} = {86FFDD44-6D97-497E-8FA3-6BDEA29CC33C}
		{81E631F6-4CF6-45A2-B8B0-C4A5DF380187} = {81B60060-337C-4292-8A3B-108665E5FEB7}
		{9C984A5A-4E45-41E3-A5B3-1544DE7F0004} = {81E631F6-4CF6-45A2-B8B0-C4A5DF380187}
		{2944924A-36C9-4959-8102-009281695D67} = {81E631F6-4CF6-45A2-B8B0-C4A5DF380187}
		{6A920DF1-411E-495A-A61C-C0EA199DBB5E} = {81E631F6-4CF6-45A2-B8B0-C4A5DF380187}
		{2A50EB7D-E5ED-4948-AE50-23402B3C7D0E} = {81E631F6-4CF6-45A2-B8B0-C4A5DF380187}
		{6BF86F97-D47A-4B23-BD81-E24EFEEBAF42} = {9C984A5A-4E45-41E3-A5B3-1544DE7F0004}
		{94717608-DFAC-4D3C-A909-40BD8CF53E04} = {6A920DF1-411E-495A-A61C-C0EA199DBB5E}
		{269B384A-3F33-43FF-87B4-33E1793F14C0} = {2A50EB7D-E5ED-4948-AE50-23402B3C7D0E}
		{2785C4E0-E03E-4819-9BB0-191C4201F54F} = {2944924A-36C9-4959-8102-009281695D67}
		{F3E8EF93-DA5C-4EDC-803E-44B3AE49CA76} = {81B60060-337C-4292-8A3B-108665E5FEB7}
		{FD131074-1542-4909-A968-72C3D5D66C70} = {F3E8EF93-DA5C-4EDC-803E-44B3AE49CA76}
		{198548E0-7E23-4332-A857-106DE7E96FCD} = {F3E8EF93-DA5C-4EDC-803E-44B3AE49CA76}
		{BC40FF29-0B4A-4C2B-A172-006841ADE915} = {F3E8EF93-DA5C-4EDC-803E-44B3AE49CA76}
		{A69094F0-5F01-4353-88C5-70F3451D79A8} = {F3E8EF93-DA5C-4EDC-803E-44B3AE49CA76}
		{05239D28-48D0-455D-9111-8784F873EA53} = {FD131074-1542-4909-A968-72C3D5D66C70}
		{1205585E-76AD-4D9C-B4D5-E1545EFA8C7A} = {198548E0-7E23-4332-A857-106DE7E96FCD}
		{3264DE4B-F5FD-44FE-8941-26D230EEC7E8} = {BC40FF29-0B4A-4C2B-A172-006841ADE915}
		{FDE258EC-5768-436E-9BD5-6C48167674DB} = {A69094F0-5F01-4353-88C5-70F3451D79A8}
	EndGlobalSection
	GlobalSection(ExtensibilityGlobals) = postSolution
		SolutionGuid = {FE6712BB-495A-4913-9A57-57993546FCB6}
	EndGlobalSection
EndGlobal
